// !$*UTF8*$!
{
	archiveVersion = 1;
	classes = {
	};
	objectVersion = 56;
	objects = {

/* Begin PBXBuildFile section */
		111308B02A150E1F00711276 /* ScorerApp.swift in Sources */ = {isa = PBXBuildFile; fileRef = 111308AF2A150E1F00711276 /* ScorerApp.swift */; };
		111308B22A150E1F00711276 /* ContentView.swift in Sources */ = {isa = PBXBuildFile; fileRef = 111308B12A150E1F00711276 /* ContentView.swift */; };
		111308B42A150E2200711276 /* Assets.xcassets in Resources */ = {isa = PBXBuildFile; fileRef = 111308B32A150E2200711276 /* Assets.xcassets */; };
		111308B72A150E2200711276 /* Preview Assets.xcassets in Resources */ = {isa = PBXBuildFile; fileRef = 111308B62A150E2200711276 /* Preview Assets.xcassets */; };
		111308BD2A150E2300711276 /* Scorer Watch App.app in Embed Watch Content */ = {isa = PBXBuildFile; fileRef = 111308BC2A150E2300711276 /* Scorer Watch App.app */; settings = {ATTRIBUTES = (RemoveHeadersOnCopy, ); }; };
		111308C22A150E2300711276 /* ScorerApp.swift in Sources */ = {isa = PBXBuildFile; fileRef = 111308C12A150E2300711276 /* ScorerApp.swift */; };
		111308C42A150E2300711276 /* ContentView.swift in Sources */ = {isa = PBXBuildFile; fileRef = 111308C32A150E2300711276 /* ContentView.swift */; };
		111308C62A150E2400711276 /* Assets.xcassets in Resources */ = {isa = PBXBuildFile; fileRef = 111308C52A150E2400711276 /* Assets.xcassets */; };
		111308C92A150E2400711276 /* Preview Assets.xcassets in Resources */ = {isa = PBXBuildFile; fileRef = 111308C82A150E2400711276 /* Preview Assets.xcassets */; };
		111308D82A15BA7000711276 /* SportRow.swift in Sources */ = {isa = PBXBuildFile; fileRef = 111308D72A15BA7000711276 /* SportRow.swift */; };
		111308DA2A15BCCF00711276 /* TrainingChart.swift in Sources */ = {isa = PBXBuildFile; fileRef = 111308D92A15BCCF00711276 /* TrainingChart.swift */; };
		111308DC2A15BCE800711276 /* SportsList.swift in Sources */ = {isa = PBXBuildFile; fileRef = 111308DB2A15BCE800711276 /* SportsList.swift */; };
		111308DE2A15BF6200711276 /* SportStartView.swift in Sources */ = {isa = PBXBuildFile; fileRef = 111308DD2A15BF6200711276 /* SportStartView.swift */; };
		111308E02A15D88200711276 /* StartSportLink.swift in Sources */ = {isa = PBXBuildFile; fileRef = 111308DF2A15D88200711276 /* StartSportLink.swift */; };
		111308E22A15DD2800711276 /* BadmintonView.swift in Sources */ = {isa = PBXBuildFile; fileRef = 111308E12A15DD2800711276 /* BadmintonView.swift */; };
		118220AC2A170386000B1BF0 /* HapticTestView.swift in Sources */ = {isa = PBXBuildFile; fileRef = 118220AB2A170386000B1BF0 /* HapticTestView.swift */; };
		118220AE2A17233A000B1BF0 /* WorkoutModel.swift in Sources */ = {isa = PBXBuildFile; fileRef = 118220AD2A17233A000B1BF0 /* WorkoutModel.swift */; };
		118220B02A172371000B1BF0 /* WorkoutCellView.swift in Sources */ = {isa = PBXBuildFile; fileRef = 118220AF2A172371000B1BF0 /* WorkoutCellView.swift */; };
		118220B22A1724E8000B1BF0 /* WorkoutView.swift in Sources */ = {isa = PBXBuildFile; fileRef = 118220B12A1724E8000B1BF0 /* WorkoutView.swift */; };
		118220B42A1737D5000B1BF0 /* BadmintonPauseView.swift in Sources */ = {isa = PBXBuildFile; fileRef = 118220B32A1737D5000B1BF0 /* BadmintonPauseView.swift */; };
		118220B62A173960000B1BF0 /* TimerView.swift in Sources */ = {isa = PBXBuildFile; fileRef = 118220B52A173960000B1BF0 /* TimerView.swift */; };
		118220B82A174794000B1BF0 /* AppState.swift in Sources */ = {isa = PBXBuildFile; fileRef = 118220B72A174794000B1BF0 /* AppState.swift */; };
/* End PBXBuildFile section */

/* Begin PBXContainerItemProxy section */
		111308BE2A150E2300711276 /* PBXContainerItemProxy */ = {
			isa = PBXContainerItemProxy;
			containerPortal = 111308A42A150E1E00711276 /* Project object */;
			proxyType = 1;
			remoteGlobalIDString = 111308BB2A150E2200711276;
			remoteInfo = "Scorer Watch App";
		};
/* End PBXContainerItemProxy section */

/* Begin PBXCopyFilesBuildPhase section */
		111308CF2A150E2400711276 /* Embed Watch Content */ = {
			isa = PBXCopyFilesBuildPhase;
			buildActionMask = 2147483647;
			dstPath = "$(CONTENTS_FOLDER_PATH)/Watch";
			dstSubfolderSpec = 16;
			files = (
				111308BD2A150E2300711276 /* Scorer Watch App.app in Embed Watch Content */,
			);
			name = "Embed Watch Content";
			runOnlyForDeploymentPostprocessing = 0;
		};
/* End PBXCopyFilesBuildPhase section */

/* Begin PBXFileReference section */
		111308AC2A150E1F00711276 /* Scorer.app */ = {isa = PBXFileReference; explicitFileType = wrapper.application; includeInIndex = 0; path = Scorer.app; sourceTree = BUILT_PRODUCTS_DIR; };
		111308AF2A150E1F00711276 /* ScorerApp.swift */ = {isa = PBXFileReference; lastKnownFileType = sourcecode.swift; path = ScorerApp.swift; sourceTree = "<group>"; };
		111308B12A150E1F00711276 /* ContentView.swift */ = {isa = PBXFileReference; lastKnownFileType = sourcecode.swift; path = ContentView.swift; sourceTree = "<group>"; };
		111308B32A150E2200711276 /* Assets.xcassets */ = {isa = PBXFileReference; lastKnownFileType = folder.assetcatalog; path = Assets.xcassets; sourceTree = "<group>"; };
		111308B62A150E2200711276 /* Preview Assets.xcassets */ = {isa = PBXFileReference; lastKnownFileType = folder.assetcatalog; path = "Preview Assets.xcassets"; sourceTree = "<group>"; };
		111308BC2A150E2300711276 /* Scorer Watch App.app */ = {isa = PBXFileReference; explicitFileType = wrapper.application; includeInIndex = 0; path = "Scorer Watch App.app"; sourceTree = BUILT_PRODUCTS_DIR; };
		111308C12A150E2300711276 /* ScorerApp.swift */ = {isa = PBXFileReference; lastKnownFileType = sourcecode.swift; path = ScorerApp.swift; sourceTree = "<group>"; };
		111308C32A150E2300711276 /* ContentView.swift */ = {isa = PBXFileReference; lastKnownFileType = sourcecode.swift; path = ContentView.swift; sourceTree = "<group>"; };
		111308C52A150E2400711276 /* Assets.xcassets */ = {isa = PBXFileReference; lastKnownFileType = folder.assetcatalog; path = Assets.xcassets; sourceTree = "<group>"; };
		111308C82A150E2400711276 /* Preview Assets.xcassets */ = {isa = PBXFileReference; lastKnownFileType = folder.assetcatalog; path = "Preview Assets.xcassets"; sourceTree = "<group>"; };
		111308D32A150EF200711276 /* README.md */ = {isa = PBXFileReference; lastKnownFileType = net.daringfireball.markdown; path = README.md; sourceTree = "<group>"; };
		111308D42A150F0D00711276 /* log.md */ = {isa = PBXFileReference; lastKnownFileType = net.daringfireball.markdown; path = log.md; sourceTree = "<group>"; };
		111308D72A15BA7000711276 /* SportRow.swift */ = {isa = PBXFileReference; lastKnownFileType = sourcecode.swift; path = SportRow.swift; sourceTree = "<group>"; };
		111308D92A15BCCF00711276 /* TrainingChart.swift */ = {isa = PBXFileReference; lastKnownFileType = sourcecode.swift; path = TrainingChart.swift; sourceTree = "<group>"; };
		111308DB2A15BCE800711276 /* SportsList.swift */ = {isa = PBXFileReference; lastKnownFileType = sourcecode.swift; path = SportsList.swift; sourceTree = "<group>"; };
		111308DD2A15BF6200711276 /* SportStartView.swift */ = {isa = PBXFileReference; lastKnownFileType = sourcecode.swift; path = SportStartView.swift; sourceTree = "<group>"; };
		111308DF2A15D88200711276 /* StartSportLink.swift */ = {isa = PBXFileReference; lastKnownFileType = sourcecode.swift; path = StartSportLink.swift; sourceTree = "<group>"; };
		111308E12A15DD2800711276 /* BadmintonView.swift */ = {isa = PBXFileReference; lastKnownFileType = sourcecode.swift; path = BadmintonView.swift; sourceTree = "<group>"; };
		118220AB2A170386000B1BF0 /* HapticTestView.swift */ = {isa = PBXFileReference; lastKnownFileType = sourcecode.swift; path = HapticTestView.swift; sourceTree = "<group>"; };
		118220AD2A17233A000B1BF0 /* WorkoutModel.swift */ = {isa = PBXFileReference; lastKnownFileType = sourcecode.swift; path = WorkoutModel.swift; sourceTree = "<group>"; };
		118220AF2A172371000B1BF0 /* WorkoutCellView.swift */ = {isa = PBXFileReference; lastKnownFileType = sourcecode.swift; path = WorkoutCellView.swift; sourceTree = "<group>"; };
		118220B12A1724E8000B1BF0 /* WorkoutView.swift */ = {isa = PBXFileReference; lastKnownFileType = sourcecode.swift; path = WorkoutView.swift; sourceTree = "<group>"; };
		118220B32A1737D5000B1BF0 /* BadmintonPauseView.swift */ = {isa = PBXFileReference; lastKnownFileType = sourcecode.swift; path = BadmintonPauseView.swift; sourceTree = "<group>"; };
		118220B52A173960000B1BF0 /* TimerView.swift */ = {isa = PBXFileReference; lastKnownFileType = sourcecode.swift; path = TimerView.swift; sourceTree = "<group>"; };
		118220B72A174794000B1BF0 /* AppState.swift */ = {isa = PBXFileReference; lastKnownFileType = sourcecode.swift; path = AppState.swift; sourceTree = "<group>"; };
/* End PBXFileReference section */

/* Begin PBXFrameworksBuildPhase section */
		111308A92A150E1F00711276 /* Frameworks */ = {
			isa = PBXFrameworksBuildPhase;
			buildActionMask = 2147483647;
			files = (
			);
			runOnlyForDeploymentPostprocessing = 0;
		};
		111308B92A150E2200711276 /* Frameworks */ = {
			isa = PBXFrameworksBuildPhase;
			buildActionMask = 2147483647;
			files = (
			);
			runOnlyForDeploymentPostprocessing = 0;
		};
/* End PBXFrameworksBuildPhase section */

/* Begin PBXGroup section */
		111308A32A150E1E00711276 = {
			isa = PBXGroup;
			children = (
				111308D32A150EF200711276 /* README.md */,
				111308D42A150F0D00711276 /* log.md */,
				111308AE2A150E1F00711276 /* Scorer */,
				111308C02A150E2300711276 /* Scorer Watch App */,
				111308AD2A150E1F00711276 /* Products */,
			);
			sourceTree = "<group>";
		};
		111308AD2A150E1F00711276 /* Products */ = {
			isa = PBXGroup;
			children = (
				111308AC2A150E1F00711276 /* Scorer.app */,
				111308BC2A150E2300711276 /* Scorer Watch App.app */,
			);
			name = Products;
			sourceTree = "<group>";
		};
		111308AE2A150E1F00711276 /* Scorer */ = {
			isa = PBXGroup;
			children = (
				111308AF2A150E1F00711276 /* ScorerApp.swift */,
				111308B12A150E1F00711276 /* ContentView.swift */,
				111308B32A150E2200711276 /* Assets.xcassets */,
				111308B52A150E2200711276 /* Preview Content */,
			);
			path = Scorer;
			sourceTree = "<group>";
		};
		111308B52A150E2200711276 /* Preview Content */ = {
			isa = PBXGroup;
			children = (
				111308B62A150E2200711276 /* Preview Assets.xcassets */,
			);
			path = "Preview Content";
			sourceTree = "<group>";
		};
		111308C02A150E2300711276 /* Scorer Watch App */ = {
			isa = PBXGroup;
			children = (
				118220AA2A17036C000B1BF0 /* TestViews */,
				111308C12A150E2300711276 /* ScorerApp.swift */,
				111308C32A150E2300711276 /* ContentView.swift */,
				111308D62A15126000711276 /* Models */,
				111308D52A15125400711276 /* Views */,
				111308C52A150E2400711276 /* Assets.xcassets */,
				111308C72A150E2400711276 /* Preview Content */,
			);
			path = "Scorer Watch App";
			sourceTree = "<group>";
		};
		111308C72A150E2400711276 /* Preview Content */ = {
			isa = PBXGroup;
			children = (
				111308C82A150E2400711276 /* Preview Assets.xcassets */,
			);
			path = "Preview Content";
			sourceTree = "<group>";
		};
		111308D52A15125400711276 /* Views */ = {
			isa = PBXGroup;
			children = (
				111308D72A15BA7000711276 /* SportRow.swift */,
				111308DB2A15BCE800711276 /* SportsList.swift */,
				111308DF2A15D88200711276 /* StartSportLink.swift */,
				111308DD2A15BF6200711276 /* SportStartView.swift */,
				111308E12A15DD2800711276 /* BadmintonView.swift */,
				118220B32A1737D5000B1BF0 /* BadmintonPauseView.swift */,
				118220B52A173960000B1BF0 /* TimerView.swift */,
				111308D92A15BCCF00711276 /* TrainingChart.swift */,
				118220AF2A172371000B1BF0 /* WorkoutCellView.swift */,
				118220B12A1724E8000B1BF0 /* WorkoutView.swift */,
			);
			path = Views;
			sourceTree = "<group>";
		};
		111308D62A15126000711276 /* Models */ = {
			isa = PBXGroup;
			children = (
				118220AD2A17233A000B1BF0 /* WorkoutModel.swift */,
				118220B72A174794000B1BF0 /* AppState.swift */,
			);
			path = Models;
			sourceTree = "<group>";
		};
		118220AA2A17036C000B1BF0 /* TestViews */ = {
			isa = PBXGroup;
			children = (
				118220AB2A170386000B1BF0 /* HapticTestView.swift */,
			);
			path = TestViews;
			sourceTree = "<group>";
		};
/* End PBXGroup section */

/* Begin PBXNativeTarget section */
		111308AB2A150E1F00711276 /* Scorer */ = {
			isa = PBXNativeTarget;
			buildConfigurationList = 111308D02A150E2400711276 /* Build configuration list for PBXNativeTarget "Scorer" */;
			buildPhases = (
				111308A82A150E1F00711276 /* Sources */,
				111308A92A150E1F00711276 /* Frameworks */,
				111308AA2A150E1F00711276 /* Resources */,
				111308CF2A150E2400711276 /* Embed Watch Content */,
			);
			buildRules = (
			);
			dependencies = (
				111308BF2A150E2300711276 /* PBXTargetDependency */,
			);
			name = Scorer;
			productName = Scorer;
			productReference = 111308AC2A150E1F00711276 /* Scorer.app */;
			productType = "com.apple.product-type.application";
		};
		111308BB2A150E2200711276 /* Scorer Watch App */ = {
			isa = PBXNativeTarget;
			buildConfigurationList = 111308CC2A150E2400711276 /* Build configuration list for PBXNativeTarget "Scorer Watch App" */;
			buildPhases = (
				111308B82A150E2200711276 /* Sources */,
				111308B92A150E2200711276 /* Frameworks */,
				111308BA2A150E2200711276 /* Resources */,
			);
			buildRules = (
			);
			dependencies = (
			);
			name = "Scorer Watch App";
			productName = "Scorer Watch App";
			productReference = 111308BC2A150E2300711276 /* Scorer Watch App.app */;
			productType = "com.apple.product-type.application";
		};
/* End PBXNativeTarget section */

/* Begin PBXProject section */
		111308A42A150E1E00711276 /* Project object */ = {
			isa = PBXProject;
			attributes = {
				BuildIndependentTargetsInParallel = 1;
				LastSwiftUpdateCheck = 1420;
				LastUpgradeCheck = 1420;
				TargetAttributes = {
					111308AB2A150E1F00711276 = {
						CreatedOnToolsVersion = 14.2;
					};
					111308BB2A150E2200711276 = {
						CreatedOnToolsVersion = 14.2;
					};
				};
			};
			buildConfigurationList = 111308A72A150E1E00711276 /* Build configuration list for PBXProject "Scorer" */;
			compatibilityVersion = "Xcode 14.0";
			developmentRegion = en;
			hasScannedForEncodings = 0;
			knownRegions = (
				en,
				Base,
			);
			mainGroup = 111308A32A150E1E00711276;
			productRefGroup = 111308AD2A150E1F00711276 /* Products */;
			projectDirPath = "";
			projectRoot = "";
			targets = (
				111308AB2A150E1F00711276 /* Scorer */,
				111308BB2A150E2200711276 /* Scorer Watch App */,
			);
		};
/* End PBXProject section */

/* Begin PBXResourcesBuildPhase section */
		111308AA2A150E1F00711276 /* Resources */ = {
			isa = PBXResourcesBuildPhase;
			buildActionMask = 2147483647;
			files = (
				111308B72A150E2200711276 /* Preview Assets.xcassets in Resources */,
				111308B42A150E2200711276 /* Assets.xcassets in Resources */,
			);
			runOnlyForDeploymentPostprocessing = 0;
		};
		111308BA2A150E2200711276 /* Resources */ = {
			isa = PBXResourcesBuildPhase;
			buildActionMask = 2147483647;
			files = (
				111308C92A150E2400711276 /* Preview Assets.xcassets in Resources */,
				111308C62A150E2400711276 /* Assets.xcassets in Resources */,
			);
			runOnlyForDeploymentPostprocessing = 0;
		};
/* End PBXResourcesBuildPhase section */

/* Begin PBXSourcesBuildPhase section */
		111308A82A150E1F00711276 /* Sources */ = {
			isa = PBXSourcesBuildPhase;
			buildActionMask = 2147483647;
			files = (
				111308B22A150E1F00711276 /* ContentView.swift in Sources */,
				111308B02A150E1F00711276 /* ScorerApp.swift in Sources */,
			);
			runOnlyForDeploymentPostprocessing = 0;
		};
		111308B82A150E2200711276 /* Sources */ = {
			isa = PBXSourcesBuildPhase;
			buildActionMask = 2147483647;
			files = (
				118220B62A173960000B1BF0 /* TimerView.swift in Sources */,
				118220B42A1737D5000B1BF0 /* BadmintonPauseView.swift in Sources */,
				111308DE2A15BF6200711276 /* SportStartView.swift in Sources */,
				118220B22A1724E8000B1BF0 /* WorkoutView.swift in Sources */,
				111308DA2A15BCCF00711276 /* TrainingChart.swift in Sources */,
				111308C42A150E2300711276 /* ContentView.swift in Sources */,
				111308D82A15BA7000711276 /* SportRow.swift in Sources */,
				111308DC2A15BCE800711276 /* SportsList.swift in Sources */,
				118220B02A172371000B1BF0 /* WorkoutCellView.swift in Sources */,
				118220AE2A17233A000B1BF0 /* WorkoutModel.swift in Sources */,
				118220B82A174794000B1BF0 /* AppState.swift in Sources */,
				111308E22A15DD2800711276 /* BadmintonView.swift in Sources */,
				118220AC2A170386000B1BF0 /* HapticTestView.swift in Sources */,
				111308E02A15D88200711276 /* StartSportLink.swift in Sources */,
				111308C22A150E2300711276 /* ScorerApp.swift in Sources */,
			);
			runOnlyForDeploymentPostprocessing = 0;
		};
/* End PBXSourcesBuildPhase section */

/* Begin PBXTargetDependency section */
		111308BF2A150E2300711276 /* PBXTargetDependency */ = {
			isa = PBXTargetDependency;
			target = 111308BB2A150E2200711276 /* Scorer Watch App */;
			targetProxy = 111308BE2A150E2300711276 /* PBXContainerItemProxy */;
		};
/* End PBXTargetDependency section */

/* Begin XCBuildConfiguration section */
		111308CA2A150E2400711276 /* Debug */ = {
			isa = XCBuildConfiguration;
			buildSettings = {
				ALWAYS_SEARCH_USER_PATHS = NO;
				CLANG_ANALYZER_NONNULL = YES;
				CLANG_ANALYZER_NUMBER_OBJECT_CONVERSION = YES_AGGRESSIVE;
				CLANG_CXX_LANGUAGE_STANDARD = "gnu++20";
				CLANG_ENABLE_MODULES = YES;
				CLANG_ENABLE_OBJC_ARC = YES;
				CLANG_ENABLE_OBJC_WEAK = YES;
				CLANG_WARN_BLOCK_CAPTURE_AUTORELEASING = YES;
				CLANG_WARN_BOOL_CONVERSION = YES;
				CLANG_WARN_COMMA = YES;
				CLANG_WARN_CONSTANT_CONVERSION = YES;
				CLANG_WARN_DEPRECATED_OBJC_IMPLEMENTATIONS = YES;
				CLANG_WARN_DIRECT_OBJC_ISA_USAGE = YES_ERROR;
				CLANG_WARN_DOCUMENTATION_COMMENTS = YES;
				CLANG_WARN_EMPTY_BODY = YES;
				CLANG_WARN_ENUM_CONVERSION = YES;
				CLANG_WARN_INFINITE_RECURSION = YES;
				CLANG_WARN_INT_CONVERSION = YES;
				CLANG_WARN_NON_LITERAL_NULL_CONVERSION = YES;
				CLANG_WARN_OBJC_IMPLICIT_RETAIN_SELF = YES;
				CLANG_WARN_OBJC_LITERAL_CONVERSION = YES;
				CLANG_WARN_OBJC_ROOT_CLASS = YES_ERROR;
				CLANG_WARN_QUOTED_INCLUDE_IN_FRAMEWORK_HEADER = YES;
				CLANG_WARN_RANGE_LOOP_ANALYSIS = YES;
				CLANG_WARN_STRICT_PROTOTYPES = YES;
				CLANG_WARN_SUSPICIOUS_MOVE = YES;
				CLANG_WARN_UNGUARDED_AVAILABILITY = YES_AGGRESSIVE;
				CLANG_WARN_UNREACHABLE_CODE = YES;
				CLANG_WARN__DUPLICATE_METHOD_MATCH = YES;
				COPY_PHASE_STRIP = NO;
				DEBUG_INFORMATION_FORMAT = dwarf;
				ENABLE_STRICT_OBJC_MSGSEND = YES;
				ENABLE_TESTABILITY = YES;
				GCC_C_LANGUAGE_STANDARD = gnu11;
				GCC_DYNAMIC_NO_PIC = NO;
				GCC_NO_COMMON_BLOCKS = YES;
				GCC_OPTIMIZATION_LEVEL = 0;
				GCC_PREPROCESSOR_DEFINITIONS = (
					"DEBUG=1",
					"$(inherited)",
				);
				GCC_WARN_64_TO_32_BIT_CONVERSION = YES;
				GCC_WARN_ABOUT_RETURN_TYPE = YES_ERROR;
				GCC_WARN_UNDECLARED_SELECTOR = YES;
				GCC_WARN_UNINITIALIZED_AUTOS = YES_AGGRESSIVE;
				GCC_WARN_UNUSED_FUNCTION = YES;
				GCC_WARN_UNUSED_VARIABLE = YES;
				MTL_ENABLE_DEBUG_INFO = INCLUDE_SOURCE;
				MTL_FAST_MATH = YES;
				ONLY_ACTIVE_ARCH = YES;
				SWIFT_ACTIVE_COMPILATION_CONDITIONS = DEBUG;
				SWIFT_OPTIMIZATION_LEVEL = "-Onone";
			};
			name = Debug;
		};
		111308CB2A150E2400711276 /* Release */ = {
			isa = XCBuildConfiguration;
			buildSettings = {
				ALWAYS_SEARCH_USER_PATHS = NO;
				CLANG_ANALYZER_NONNULL = YES;
				CLANG_ANALYZER_NUMBER_OBJECT_CONVERSION = YES_AGGRESSIVE;
				CLANG_CXX_LANGUAGE_STANDARD = "gnu++20";
				CLANG_ENABLE_MODULES = YES;
				CLANG_ENABLE_OBJC_ARC = YES;
				CLANG_ENABLE_OBJC_WEAK = YES;
				CLANG_WARN_BLOCK_CAPTURE_AUTORELEASING = YES;
				CLANG_WARN_BOOL_CONVERSION = YES;
				CLANG_WARN_COMMA = YES;
				CLANG_WARN_CONSTANT_CONVERSION = YES;
				CLANG_WARN_DEPRECATED_OBJC_IMPLEMENTATIONS = YES;
				CLANG_WARN_DIRECT_OBJC_ISA_USAGE = YES_ERROR;
				CLANG_WARN_DOCUMENTATION_COMMENTS = YES;
				CLANG_WARN_EMPTY_BODY = YES;
				CLANG_WARN_ENUM_CONVERSION = YES;
				CLANG_WARN_INFINITE_RECURSION = YES;
				CLANG_WARN_INT_CONVERSION = YES;
				CLANG_WARN_NON_LITERAL_NULL_CONVERSION = YES;
				CLANG_WARN_OBJC_IMPLICIT_RETAIN_SELF = YES;
				CLANG_WARN_OBJC_LITERAL_CONVERSION = YES;
				CLANG_WARN_OBJC_ROOT_CLASS = YES_ERROR;
				CLANG_WARN_QUOTED_INCLUDE_IN_FRAMEWORK_HEADER = YES;
				CLANG_WARN_RANGE_LOOP_ANALYSIS = YES;
				CLANG_WARN_STRICT_PROTOTYPES = YES;
				CLANG_WARN_SUSPICIOUS_MOVE = YES;
				CLANG_WARN_UNGUARDED_AVAILABILITY = YES_AGGRESSIVE;
				CLANG_WARN_UNREACHABLE_CODE = YES;
				CLANG_WARN__DUPLICATE_METHOD_MATCH = YES;
				COPY_PHASE_STRIP = NO;
				DEBUG_INFORMATION_FORMAT = "dwarf-with-dsym";
				ENABLE_NS_ASSERTIONS = NO;
				ENABLE_STRICT_OBJC_MSGSEND = YES;
				GCC_C_LANGUAGE_STANDARD = gnu11;
				GCC_NO_COMMON_BLOCKS = YES;
				GCC_WARN_64_TO_32_BIT_CONVERSION = YES;
				GCC_WARN_ABOUT_RETURN_TYPE = YES_ERROR;
				GCC_WARN_UNDECLARED_SELECTOR = YES;
				GCC_WARN_UNINITIALIZED_AUTOS = YES_AGGRESSIVE;
				GCC_WARN_UNUSED_FUNCTION = YES;
				GCC_WARN_UNUSED_VARIABLE = YES;
				MTL_ENABLE_DEBUG_INFO = NO;
				MTL_FAST_MATH = YES;
				SWIFT_COMPILATION_MODE = wholemodule;
				SWIFT_OPTIMIZATION_LEVEL = "-O";
			};
			name = Release;
		};
		111308CD2A150E2400711276 /* Debug */ = {
			isa = XCBuildConfiguration;
			buildSettings = {
				ASSETCATALOG_COMPILER_APPICON_NAME = AppIcon;
				ASSETCATALOG_COMPILER_GLOBAL_ACCENT_COLOR_NAME = AccentColor;
				CODE_SIGN_STYLE = Automatic;
				CURRENT_PROJECT_VERSION = 1;
				DEVELOPMENT_ASSET_PATHS = "\"Scorer Watch App/Preview Content\"";
				ENABLE_PREVIEWS = YES;
				GENERATE_INFOPLIST_FILE = YES;
				INFOPLIST_KEY_CFBundleDisplayName = Scorer;
				INFOPLIST_KEY_UISupportedInterfaceOrientations = "UIInterfaceOrientationPortrait UIInterfaceOrientationPortraitUpsideDown";
				INFOPLIST_KEY_WKCompanionAppBundleIdentifier = org.hamm.Scorer;
				LD_RUNPATH_SEARCH_PATHS = (
					"$(inherited)",
					"@executable_path/Frameworks",
				);
				MARKETING_VERSION = 1.0;
				PRODUCT_BUNDLE_IDENTIFIER = org.hamm.Scorer.watchkitapp;
				PRODUCT_NAME = "$(TARGET_NAME)";
				SDKROOT = watchos;
				SKIP_INSTALL = YES;
				SWIFT_EMIT_LOC_STRINGS = YES;
				SWIFT_VERSION = 5.0;
				TARGETED_DEVICE_FAMILY = 4;
				WATCHOS_DEPLOYMENT_TARGET = 9.1;
			};
			name = Debug;
		};
		111308CE2A150E2400711276 /* Release */ = {
			isa = XCBuildConfiguration;
			buildSettings = {
				ASSETCATALOG_COMPILER_APPICON_NAME = AppIcon;
				ASSETCATALOG_COMPILER_GLOBAL_ACCENT_COLOR_NAME = AccentColor;
				CODE_SIGN_STYLE = Automatic;
				CURRENT_PROJECT_VERSION = 1;
				DEVELOPMENT_ASSET_PATHS = "\"Scorer Watch App/Preview Content\"";
				ENABLE_PREVIEWS = YES;
				GENERATE_INFOPLIST_FILE = YES;
				INFOPLIST_KEY_CFBundleDisplayName = Scorer;
				INFOPLIST_KEY_UISupportedInterfaceOrientations = "UIInterfaceOrientationPortrait UIInterfaceOrientationPortraitUpsideDown";
				INFOPLIST_KEY_WKCompanionAppBundleIdentifier = org.hamm.Scorer;
				LD_RUNPATH_SEARCH_PATHS = (
					"$(inherited)",
					"@executable_path/Frameworks",
				);
				MARKETING_VERSION = 1.0;
				PRODUCT_BUNDLE_IDENTIFIER = org.hamm.Scorer.watchkitapp;
				PRODUCT_NAME = "$(TARGET_NAME)";
				SDKROOT = watchos;
				SKIP_INSTALL = YES;
				SWIFT_EMIT_LOC_STRINGS = YES;
				SWIFT_VERSION = 5.0;
				TARGETED_DEVICE_FAMILY = 4;
				VALIDATE_PRODUCT = YES;
				WATCHOS_DEPLOYMENT_TARGET = 9.1;
			};
			name = Release;
		};
		111308D12A150E2400711276 /* Debug */ = {
			isa = XCBuildConfiguration;
			buildSettings = {
				ALWAYS_EMBED_SWIFT_STANDARD_LIBRARIES = YES;
				ASSETCATALOG_COMPILER_APPICON_NAME = AppIcon;
				ASSETCATALOG_COMPILER_GLOBAL_ACCENT_COLOR_NAME = AccentColor;
				CODE_SIGN_STYLE = Automatic;
				CURRENT_PROJECT_VERSION = 1;
				DEVELOPMENT_ASSET_PATHS = "\"Scorer/Preview Content\"";
				ENABLE_PREVIEWS = YES;
				GENERATE_INFOPLIST_FILE = YES;
				INFOPLIST_KEY_CFBundleDisplayName = Scorer;
				INFOPLIST_KEY_UIApplicationSceneManifest_Generation = YES;
				INFOPLIST_KEY_UIApplicationSupportsIndirectInputEvents = YES;
				INFOPLIST_KEY_UILaunchScreen_Generation = YES;
				INFOPLIST_KEY_UISupportedInterfaceOrientations_iPad = "UIInterfaceOrientationPortrait UIInterfaceOrientationPortraitUpsideDown UIInterfaceOrientationLandscapeLeft UIInterfaceOrientationLandscapeRight";
				INFOPLIST_KEY_UISupportedInterfaceOrientations_iPhone = "UIInterfaceOrientationPortrait UIInterfaceOrientationLandscapeLeft UIInterfaceOrientationLandscapeRight";
				IPHONEOS_DEPLOYMENT_TARGET = 16.2;
				LD_RUNPATH_SEARCH_PATHS = (
					"$(inherited)",
					"@executable_path/Frameworks",
				);
				MARKETING_VERSION = 1.0;
				PRODUCT_BUNDLE_IDENTIFIER = org.hamm.Scorer;
				PRODUCT_NAME = "$(TARGET_NAME)";
				SDKROOT = iphoneos;
				SWIFT_EMIT_LOC_STRINGS = YES;
				SWIFT_VERSION = 5.0;
				TARGETED_DEVICE_FAMILY = "1,2";
			};
			name = Debug;
		};
		111308D22A150E2400711276 /* Release */ = {
			isa = XCBuildConfiguration;
			buildSettings = {
				ALWAYS_EMBED_SWIFT_STANDARD_LIBRARIES = YES;
				ASSETCATALOG_COMPILER_APPICON_NAME = AppIcon;
				ASSETCATALOG_COMPILER_GLOBAL_ACCENT_COLOR_NAME = AccentColor;
				CODE_SIGN_STYLE = Automatic;
				CURRENT_PROJECT_VERSION = 1;
				DEVELOPMENT_ASSET_PATHS = "\"Scorer/Preview Content\"";
				ENABLE_PREVIEWS = YES;
				GENERATE_INFOPLIST_FILE = YES;
				INFOPLIST_KEY_CFBundleDisplayName = Scorer;
				INFOPLIST_KEY_UIApplicationSceneManifest_Generation = YES;
				INFOPLIST_KEY_UIApplicationSupportsIndirectInputEvents = YES;
				INFOPLIST_KEY_UILaunchScreen_Generation = YES;
				INFOPLIST_KEY_UISupportedInterfaceOrientations_iPad = "UIInterfaceOrientationPortrait UIInterfaceOrientationPortraitUpsideDown UIInterfaceOrientationLandscapeLeft UIInterfaceOrientationLandscapeRight";
				INFOPLIST_KEY_UISupportedInterfaceOrientations_iPhone = "UIInterfaceOrientationPortrait UIInterfaceOrientationLandscapeLeft UIInterfaceOrientationLandscapeRight";
				IPHONEOS_DEPLOYMENT_TARGET = 16.2;
				LD_RUNPATH_SEARCH_PATHS = (
					"$(inherited)",
					"@executable_path/Frameworks",
				);
				MARKETING_VERSION = 1.0;
				PRODUCT_BUNDLE_IDENTIFIER = org.hamm.Scorer;
				PRODUCT_NAME = "$(TARGET_NAME)";
				SDKROOT = iphoneos;
				SWIFT_EMIT_LOC_STRINGS = YES;
				SWIFT_VERSION = 5.0;
				TARGETED_DEVICE_FAMILY = "1,2";
				VALIDATE_PRODUCT = YES;
			};
			name = Release;
		};
/* End XCBuildConfiguration section */

/* Begin XCConfigurationList section */
		111308A72A150E1E00711276 /* Build configuration list for PBXProject "Scorer" */ = {
			isa = XCConfigurationList;
			buildConfigurations = (
				111308CA2A150E2400711276 /* Debug */,
				111308CB2A150E2400711276 /* Release */,
			);
			defaultConfigurationIsVisible = 0;
			defaultConfigurationName = Release;
		};
		111308CC2A150E2400711276 /* Build configuration list for PBXNativeTarget "Scorer Watch App" */ = {
			isa = XCConfigurationList;
			buildConfigurations = (
				111308CD2A150E2400711276 /* Debug */,
				111308CE2A150E2400711276 /* Release */,
			);
			defaultConfigurationIsVisible = 0;
			defaultConfigurationName = Release;
		};
		111308D02A150E2400711276 /* Build configuration list for PBXNativeTarget "Scorer" */ = {
			isa = XCConfigurationList;
			buildConfigurations = (
				111308D12A150E2400711276 /* Debug */,
				111308D22A150E2400711276 /* Release */,
			);
			defaultConfigurationIsVisible = 0;
			defaultConfigurationName = Release;
		};
/* End XCConfigurationList section */
	};
	rootObject = 111308A42A150E1E00711276 /* Project object */;
}
